
Microsoft Visual Studio Solution File, Format Version 12.00
# Visual Studio 15
VisualStudioVersion = 15.0.27428.2037
MinimumVisualStudioVersion = 10.0.40219.1
Project("{FAE04EC0-301F-11D3-BF4B-00C04F79EFBC}") = "Folder2Zip", "Folder2Zip\Folder2Zip.csproj", "{1BECE2CE-F05F-4463-9C7A-6AFE1ED65379}"
EndProject
Global
	GlobalSection(SolutionConfigurationPlatforms) = preSolution
		Debug|Any CPU = Debug|Any CPU
		Release|Any CPU = Release|Any CPU
	EndGlobalSection
	GlobalSection(ProjectConfigurationPlatforms) = postSolution
		{1BECE2CE-F05F-4463-9C7A-6AFE1ED65379}.Debug|Any CPU.ActiveCfg = Debug|Any CPU
		{1BECE2CE-F05F-4463-9C7A-6AFE1ED65379}.Debug|Any CPU.Build.0 = Debug|Any CPU
		{1BECE2CE-F05F-4463-9C7A-6AFE1ED65379}.Release|Any CPU.ActiveCfg = Release|Any CPU
		{1BECE2CE-F05F-4463-9C7A-6AFE1ED65379}.Release|Any CPU.Build.0 = Release|Any CPU
	EndGlobalSection
	GlobalSection(SolutionProperties) = preSolution
		HideSolutionNode = FALSE
	EndGlobalSection
	GlobalSection(ExtensibilityGlobals) = postSolution
		SolutionGuid = {090C6C0C-1085-4DE3-A935-603D6F39B1F4}
	EndGlobalSection
EndGlobal
